
Microsoft Visual Studio Solution File, Format Version 12.00
# Visual Studio Version 16
VisualStudioVersion = 16.0.29613.14
MinimumVisualStudioVersion = 10.0.40219.1
Project("{FAE04EC0-301F-11D3-BF4B-00C04F79EFBC}") = "App7", "App7\App7.csproj", "{C7A9AAEA-50CE-4E45-BA5A-238915EEB3BC}"
EndProject
Project("{9A19103F-16F7-4668-BE54-9A1E7A4F7556}") = "App7.Core", "App7.Core\App7.Core.csproj", "{5F6E8746-00A5-4D7E-886C-CFAD04EE46DD}"
EndProject
Global
	GlobalSection(SolutionConfigurationPlatforms) = preSolution
		Debug|Any CPU = Debug|Any CPU
		Debug|ARM = Debug|ARM
		Debug|ARM64 = Debug|ARM64
		Debug|x64 = Debug|x64
		Debug|x86 = Debug|x86
		Release|Any CPU = Release|Any CPU
		Release|ARM = Release|ARM
		Release|ARM64 = Release|ARM64
		Release|x64 = Release|x64
		Release|x86 = Release|x86
	EndGlobalSection
	GlobalSection(ProjectConfigurationPlatforms) = postSolution
		{C7A9AAEA-50CE-4E45-BA5A-238915EEB3BC}.Debug|Any CPU.ActiveCfg = Debug|x86
		{C7A9AAEA-50CE-4E45-BA5A-238915EEB3BC}.Debug|ARM.ActiveCfg = Debug|ARM
		{C7A9AAEA-50CE-4E45-BA5A-238915EEB3BC}.Debug|ARM.Build.0 = Debug|ARM
		{C7A9AAEA-50CE-4E45-BA5A-238915EEB3BC}.Debug|ARM.Deploy.0 = Debug|ARM
		{C7A9AAEA-50CE-4E45-BA5A-238915EEB3BC}.Debug|ARM64.ActiveCfg = Debug|ARM64
		{C7A9AAEA-50CE-4E45-BA5A-238915EEB3BC}.Debug|ARM64.Build.0 = Debug|ARM64
		{C7A9AAEA-50CE-4E45-BA5A-238915EEB3BC}.Debug|ARM64.Deploy.0 = Debug|ARM64
		{C7A9AAEA-50CE-4E45-BA5A-238915EEB3BC}.Debug|x64.ActiveCfg = Debug|x64
		{C7A9AAEA-50CE-4E45-BA5A-238915EEB3BC}.Debug|x64.Build.0 = Debug|x64
		{C7A9AAEA-50CE-4E45-BA5A-238915EEB3BC}.Debug|x64.Deploy.0 = Debug|x64
		{C7A9AAEA-50CE-4E45-BA5A-238915EEB3BC}.Debug|x86.ActiveCfg = Debug|x86
		{C7A9AAEA-50CE-4E45-BA5A-238915EEB3BC}.Debug|x86.Build.0 = Debug|x86
		{C7A9AAEA-50CE-4E45-BA5A-238915EEB3BC}.Debug|x86.Deploy.0 = Debug|x86
		{C7A9AAEA-50CE-4E45-BA5A-238915EEB3BC}.Release|Any CPU.ActiveCfg = Release|x86
		{C7A9AAEA-50CE-4E45-BA5A-238915EEB3BC}.Release|ARM.ActiveCfg = Release|ARM
		{C7A9AAEA-50CE-4E45-BA5A-238915EEB3BC}.Release|ARM.Build.0 = Release|ARM
		{C7A9AAEA-50CE-4E45-BA5A-238915EEB3BC}.Release|ARM.Deploy.0 = Release|ARM
		{C7A9AAEA-50CE-4E45-BA5A-238915EEB3BC}.Release|ARM64.ActiveCfg = Release|ARM64
		{C7A9AAEA-50CE-4E45-BA5A-238915EEB3BC}.Release|ARM64.Build.0 = Release|ARM64
		{C7A9AAEA-50CE-4E45-BA5A-238915EEB3BC}.Release|ARM64.Deploy.0 = Release|ARM64
		{C7A9AAEA-50CE-4E45-BA5A-238915EEB3BC}.Release|x64.ActiveCfg = Release|x64
		{C7A9AAEA-50CE-4E45-BA5A-238915EEB3BC}.Release|x64.Build.0 = Release|x64
		{C7A9AAEA-50CE-4E45-BA5A-238915EEB3BC}.Release|x64.Deploy.0 = Release|x64
		{C7A9AAEA-50CE-4E45-BA5A-238915EEB3BC}.Release|x86.ActiveCfg = Release|x86
		{C7A9AAEA-50CE-4E45-BA5A-238915EEB3BC}.Release|x86.Build.0 = Release|x86
		{C7A9AAEA-50CE-4E45-BA5A-238915EEB3BC}.Release|x86.Deploy.0 = Release|x86
		{5F6E8746-00A5-4D7E-886C-CFAD04EE46DD}.Debug|Any CPU.ActiveCfg = Debug|Any CPU
		{5F6E8746-00A5-4D7E-886C-CFAD04EE46DD}.Debug|Any CPU.Build.0 = Debug|Any CPU
		{5F6E8746-00A5-4D7E-886C-CFAD04EE46DD}.Debug|ARM.ActiveCfg = Debug|Any CPU
		{5F6E8746-00A5-4D7E-886C-CFAD04EE46DD}.Debug|ARM.Build.0 = Debug|Any CPU
		{5F6E8746-00A5-4D7E-886C-CFAD04EE46DD}.Debug|ARM64.ActiveCfg = Debug|Any CPU
		{5F6E8746-00A5-4D7E-886C-CFAD04EE46DD}.Debug|ARM64.Build.0 = Debug|Any CPU
		{5F6E8746-00A5-4D7E-886C-CFAD04EE46DD}.Debug|x64.ActiveCfg = Debug|Any CPU
		{5F6E8746-00A5-4D7E-886C-CFAD04EE46DD}.Debug|x64.Build.0 = Debug|Any CPU
		{5F6E8746-00A5-4D7E-886C-CFAD04EE46DD}.Debug|x86.ActiveCfg = Debug|Any CPU
		{5F6E8746-00A5-4D7E-886C-CFAD04EE46DD}.Debug|x86.Build.0 = Debug|Any CPU
		{5F6E8746-00A5-4D7E-886C-CFAD04EE46DD}.Release|Any CPU.ActiveCfg = Release|Any CPU
		{5F6E8746-00A5-4D7E-886C-CFAD04EE46DD}.Release|Any CPU.Build.0 = Release|Any CPU
		{5F6E8746-00A5-4D7E-886C-CFAD04EE46DD}.Release|ARM.ActiveCfg = Release|Any CPU
		{5F6E8746-00A5-4D7E-886C-CFAD04EE46DD}.Release|ARM.Build.0 = Release|Any CPU
		{5F6E8746-00A5-4D7E-886C-CFAD04EE46DD}.Release|ARM64.ActiveCfg = Release|Any CPU
		{5F6E8746-00A5-4D7E-886C-CFAD04EE46DD}.Release|ARM64.Build.0 = Release|Any CPU
		{5F6E8746-00A5-4D7E-886C-CFAD04EE46DD}.Release|x64.ActiveCfg = Release|Any CPU
		{5F6E8746-00A5-4D7E-886C-CFAD04EE46DD}.Release|x64.Build.0 = Release|Any CPU
		{5F6E8746-00A5-4D7E-886C-CFAD04EE46DD}.Release|x86.ActiveCfg = Release|Any CPU
		{5F6E8746-00A5-4D7E-886C-CFAD04EE46DD}.Release|x86.Build.0 = Release|Any CPU
	EndGlobalSection
	GlobalSection(SolutionProperties) = preSolution
		HideSolutionNode = FALSE
	EndGlobalSection
	GlobalSection(ExtensibilityGlobals) = postSolution
		SolutionGuid = {B651409D-33B6-4962-B795-1B7DF6540EB3}
	EndGlobalSection
EndGlobal
